// !$*UTF8*$!
{
	archiveVersion = 1;
	classes = {
	};
	objectVersion = 50;
	objects = {

/* Begin PBXBuildFile section */
		EA40DA92268D2BC3001673A7 /* AppDelegate.swift in Sources */ = {isa = PBXBuildFile; fileRef = EA40DA91268D2BC3001673A7 /* AppDelegate.swift */; };
		EA40DA94268D2BC3001673A7 /* SceneDelegate.swift in Sources */ = {isa = PBXBuildFile; fileRef = EA40DA93268D2BC3001673A7 /* SceneDelegate.swift */; };
		EA40DA99268D2BC3001673A7 /* Main.storyboard in Resources */ = {isa = PBXBuildFile; fileRef = EA40DA97268D2BC3001673A7 /* Main.storyboard */; };
		EA40DA9B268D2BC5001673A7 /* Assets.xcassets in Resources */ = {isa = PBXBuildFile; fileRef = EA40DA9A268D2BC5001673A7 /* Assets.xcassets */; };
		EA40DA9E268D2BC5001673A7 /* LaunchScreen.storyboard in Resources */ = {isa = PBXBuildFile; fileRef = EA40DA9C268D2BC5001673A7 /* LaunchScreen.storyboard */; };
		EA668463268DEB52002F439C /* Constants.swift in Sources */ = {isa = PBXBuildFile; fileRef = EA668462268DEB52002F439C /* Constants.swift */; };
		EA8D31ED269A5E0F009FE43D /* GameCell.swift in Sources */ = {isa = PBXBuildFile; fileRef = EA8D31EB269A5E0F009FE43D /* GameCell.swift */; };
		EA8D31EE269A5E0F009FE43D /* GameCell.xib in Resources */ = {isa = PBXBuildFile; fileRef = EA8D31EC269A5E0F009FE43D /* GameCell.xib */; };
		EAC82A28269C535500A25E33 /* MainScreenVC.swift in Sources */ = {isa = PBXBuildFile; fileRef = EAC82A27269C535500A25E33 /* MainScreenVC.swift */; };
		EAC82A2A269C538100A25E33 /* LoginScreenVC.swift in Sources */ = {isa = PBXBuildFile; fileRef = EAC82A29269C538100A25E33 /* LoginScreenVC.swift */; };
		EAC82A2C269C53DE00A25E33 /* SignUpScreenVC.swift in Sources */ = {isa = PBXBuildFile; fileRef = EAC82A2B269C53DE00A25E33 /* SignUpScreenVC.swift */; };
		EAC82A2E269C53FE00A25E33 /* ProfileScreenVC.swift in Sources */ = {isa = PBXBuildFile; fileRef = EAC82A2D269C53FE00A25E33 /* ProfileScreenVC.swift */; };
		EAC82A30269C541B00A25E33 /* CreateScreenVC.swift in Sources */ = {isa = PBXBuildFile; fileRef = EAC82A2F269C541B00A25E33 /* CreateScreenVC.swift */; };
		EAC82A32269C543700A25E33 /* GameDetailsScreenVC.swift in Sources */ = {isa = PBXBuildFile; fileRef = EAC82A31269C543700A25E33 /* GameDetailsScreenVC.swift */; };
		EAC82A34269C544E00A25E33 /* GameInfoScreenVC.swift in Sources */ = {isa = PBXBuildFile; fileRef = EAC82A33269C544E00A25E33 /* GameInfoScreenVC.swift */; };
		EAC82A36269C546100A25E33 /* MessageScreenVC.swift in Sources */ = {isa = PBXBuildFile; fileRef = EAC82A35269C546100A25E33 /* MessageScreenVC.swift */; };
		EAC82A3C269C550C00A25E33 /* Baller.swift in Sources */ = {isa = PBXBuildFile; fileRef = EAC82A3B269C550C00A25E33 /* Baller.swift */; };
		EAC82A3E269C596700A25E33 /* Game.swift in Sources */ = {isa = PBXBuildFile; fileRef = EAC82A3D269C596700A25E33 /* Game.swift */; };
/* End PBXBuildFile section */

/* Begin PBXFileReference section */
		EA40DA8E268D2BC3001673A7 /* Baller.app */ = {isa = PBXFileReference; explicitFileType = wrapper.application; includeInIndex = 0; path = Baller.app; sourceTree = BUILT_PRODUCTS_DIR; };
		EA40DA91268D2BC3001673A7 /* AppDelegate.swift */ = {isa = PBXFileReference; lastKnownFileType = sourcecode.swift; path = AppDelegate.swift; sourceTree = "<group>"; };
		EA40DA93268D2BC3001673A7 /* SceneDelegate.swift */ = {isa = PBXFileReference; lastKnownFileType = sourcecode.swift; path = SceneDelegate.swift; sourceTree = "<group>"; };
		EA40DA98268D2BC3001673A7 /* Base */ = {isa = PBXFileReference; lastKnownFileType = file.storyboard; name = Base; path = Base.lproj/Main.storyboard; sourceTree = "<group>"; };
		EA40DA9A268D2BC5001673A7 /* Assets.xcassets */ = {isa = PBXFileReference; lastKnownFileType = folder.assetcatalog; path = Assets.xcassets; sourceTree = "<group>"; };
		EA40DA9D268D2BC5001673A7 /* Base */ = {isa = PBXFileReference; lastKnownFileType = file.storyboard; name = Base; path = Base.lproj/LaunchScreen.storyboard; sourceTree = "<group>"; };
		EA40DA9F268D2BC5001673A7 /* Info.plist */ = {isa = PBXFileReference; lastKnownFileType = text.plist.xml; path = Info.plist; sourceTree = "<group>"; };
		EA668462268DEB52002F439C /* Constants.swift */ = {isa = PBXFileReference; lastKnownFileType = sourcecode.swift; path = Constants.swift; sourceTree = "<group>"; };
		EA8D31EB269A5E0F009FE43D /* GameCell.swift */ = {isa = PBXFileReference; lastKnownFileType = sourcecode.swift; path = GameCell.swift; sourceTree = "<group>"; };
		EA8D31EC269A5E0F009FE43D /* GameCell.xib */ = {isa = PBXFileReference; lastKnownFileType = file.xib; path = GameCell.xib; sourceTree = "<group>"; };
		EAC82A27269C535500A25E33 /* MainScreenVC.swift */ = {isa = PBXFileReference; lastKnownFileType = sourcecode.swift; path = MainScreenVC.swift; sourceTree = "<group>"; };
		EAC82A29269C538100A25E33 /* LoginScreenVC.swift */ = {isa = PBXFileReference; lastKnownFileType = sourcecode.swift; path = LoginScreenVC.swift; sourceTree = "<group>"; };
		EAC82A2B269C53DE00A25E33 /* SignUpScreenVC.swift */ = {isa = PBXFileReference; lastKnownFileType = sourcecode.swift; path = SignUpScreenVC.swift; sourceTree = "<group>"; };
		EAC82A2D269C53FE00A25E33 /* ProfileScreenVC.swift */ = {isa = PBXFileReference; lastKnownFileType = sourcecode.swift; path = ProfileScreenVC.swift; sourceTree = "<group>"; };
		EAC82A2F269C541B00A25E33 /* CreateScreenVC.swift */ = {isa = PBXFileReference; lastKnownFileType = sourcecode.swift; path = CreateScreenVC.swift; sourceTree = "<group>"; };
		EAC82A31269C543700A25E33 /* GameDetailsScreenVC.swift */ = {isa = PBXFileReference; lastKnownFileType = sourcecode.swift; path = GameDetailsScreenVC.swift; sourceTree = "<group>"; };
		EAC82A33269C544E00A25E33 /* GameInfoScreenVC.swift */ = {isa = PBXFileReference; lastKnownFileType = sourcecode.swift; path = GameInfoScreenVC.swift; sourceTree = "<group>"; };
		EAC82A35269C546100A25E33 /* MessageScreenVC.swift */ = {isa = PBXFileReference; lastKnownFileType = sourcecode.swift; path = MessageScreenVC.swift; sourceTree = "<group>"; };
		EAC82A3B269C550C00A25E33 /* Baller.swift */ = {isa = PBXFileReference; lastKnownFileType = sourcecode.swift; path = Baller.swift; sourceTree = "<group>"; };
		EAC82A3D269C596700A25E33 /* Game.swift */ = {isa = PBXFileReference; lastKnownFileType = sourcecode.swift; path = Game.swift; sourceTree = "<group>"; };
/* End PBXFileReference section */

/* Begin PBXFrameworksBuildPhase section */
		EA40DA8B268D2BC3001673A7 /* Frameworks */ = {
			isa = PBXFrameworksBuildPhase;
			buildActionMask = 2147483647;
			files = (
			);
			runOnlyForDeploymentPostprocessing = 0;
		};
/* End PBXFrameworksBuildPhase section */

/* Begin PBXGroup section */
		EA40DA85268D2BC3001673A7 = {
			isa = PBXGroup;
			children = (
				EA40DA90268D2BC3001673A7 /* Baller */,
				EA40DA8F268D2BC3001673A7 /* Products */,
			);
			sourceTree = "<group>";
		};
		EA40DA8F268D2BC3001673A7 /* Products */ = {
			isa = PBXGroup;
			children = (
				EA40DA8E268D2BC3001673A7 /* Baller.app */,
			);
			name = Products;
			sourceTree = "<group>";
		};
		EA40DA90268D2BC3001673A7 /* Baller */ = {
			isa = PBXGroup;
			children = (
				EA40DA91268D2BC3001673A7 /* AppDelegate.swift */,
				EA40DA93268D2BC3001673A7 /* SceneDelegate.swift */,
				EAC82A37269C546900A25E33 /* Models */,
				EAC82A38269C547700A25E33 /* Views */,
				EAC82A39269C547E00A25E33 /* ViewControllers */,
				EAC82A3A269C549C00A25E33 /* Supporting Files */,
				EA40DA9A268D2BC5001673A7 /* Assets.xcassets */,
				EA40DA9C268D2BC5001673A7 /* LaunchScreen.storyboard */,
				EA40DA9F268D2BC5001673A7 /* Info.plist */,
			);
			path = Baller;
			sourceTree = "<group>";
		};
		EAC82A37269C546900A25E33 /* Models */ = {
			isa = PBXGroup;
			children = (
				EAC82A3B269C550C00A25E33 /* Baller.swift */,
				EA8D31EB269A5E0F009FE43D /* GameCell.swift */,
				EAC82A3D269C596700A25E33 /* Game.swift */,
			);
			path = Models;
			sourceTree = "<group>";
		};
		EAC82A38269C547700A25E33 /* Views */ = {
			isa = PBXGroup;
			children = (
				EA40DA97268D2BC3001673A7 /* Main.storyboard */,
				EA8D31EC269A5E0F009FE43D /* GameCell.xib */,
			);
			path = Views;
			sourceTree = "<group>";
		};
		EAC82A39269C547E00A25E33 /* ViewControllers */ = {
			isa = PBXGroup;
			children = (
				EAC82A27269C535500A25E33 /* MainScreenVC.swift */,
				EAC82A29269C538100A25E33 /* LoginScreenVC.swift */,
				EAC82A2B269C53DE00A25E33 /* SignUpScreenVC.swift */,
				EAC82A2D269C53FE00A25E33 /* ProfileScreenVC.swift */,
				EAC82A2F269C541B00A25E33 /* CreateScreenVC.swift */,
				EAC82A31269C543700A25E33 /* GameDetailsScreenVC.swift */,
				EAC82A33269C544E00A25E33 /* GameInfoScreenVC.swift */,
				EAC82A35269C546100A25E33 /* MessageScreenVC.swift */,
			);
			path = ViewControllers;
			sourceTree = "<group>";
		};
		EAC82A3A269C549C00A25E33 /* Supporting Files */ = {
			isa = PBXGroup;
			children = (
				EA668462268DEB52002F439C /* Constants.swift */,
			);
			path = "Supporting Files";
			sourceTree = "<group>";
		};
/* End PBXGroup section */

/* Begin PBXNativeTarget section */
		EA40DA8D268D2BC3001673A7 /* Baller */ = {
			isa = PBXNativeTarget;
			buildConfigurationList = EA40DAA2268D2BC5001673A7 /* Build configuration list for PBXNativeTarget "Baller" */;
			buildPhases = (
				EA40DA8A268D2BC3001673A7 /* Sources */,
				EA40DA8B268D2BC3001673A7 /* Frameworks */,
				EA40DA8C268D2BC3001673A7 /* Resources */,
			);
			buildRules = (
			);
			dependencies = (
			);
			name = Baller;
			productName = Baller;
			productReference = EA40DA8E268D2BC3001673A7 /* Baller.app */;
			productType = "com.apple.product-type.application";
		};
/* End PBXNativeTarget section */

/* Begin PBXProject section */
		EA40DA86268D2BC3001673A7 /* Project object */ = {
			isa = PBXProject;
			attributes = {
				LastSwiftUpdateCheck = 1250;
				LastUpgradeCheck = 1250;
				TargetAttributes = {
					EA40DA8D268D2BC3001673A7 = {
						CreatedOnToolsVersion = 12.5.1;
					};
				};
			};
			buildConfigurationList = EA40DA89268D2BC3001673A7 /* Build configuration list for PBXProject "Baller" */;
			compatibilityVersion = "Xcode 9.3";
			developmentRegion = en;
			hasScannedForEncodings = 0;
			knownRegions = (
				en,
				Base,
			);
			mainGroup = EA40DA85268D2BC3001673A7;
			productRefGroup = EA40DA8F268D2BC3001673A7 /* Products */;
			projectDirPath = "";
			projectRoot = "";
			targets = (
				EA40DA8D268D2BC3001673A7 /* Baller */,
			);
		};
/* End PBXProject section */

/* Begin PBXResourcesBuildPhase section */
		EA40DA8C268D2BC3001673A7 /* Resources */ = {
			isa = PBXResourcesBuildPhase;
			buildActionMask = 2147483647;
			files = (
				EA8D31EE269A5E0F009FE43D /* GameCell.xib in Resources */,
				EA40DA9E268D2BC5001673A7 /* LaunchScreen.storyboard in Resources */,
				EA40DA9B268D2BC5001673A7 /* Assets.xcassets in Resources */,
				EA40DA99268D2BC3001673A7 /* Main.storyboard in Resources */,
			);
			runOnlyForDeploymentPostprocessing = 0;
		};
/* End PBXResourcesBuildPhase section */

/* Begin PBXSourcesBuildPhase section */
		EA40DA8A268D2BC3001673A7 /* Sources */ = {
			isa = PBXSourcesBuildPhase;
			buildActionMask = 2147483647;
			files = (
				EAC82A2A269C538100A25E33 /* LoginScreenVC.swift in Sources */,
				EAC82A2C269C53DE00A25E33 /* SignUpScreenVC.swift in Sources */,
				EAC82A32269C543700A25E33 /* GameDetailsScreenVC.swift in Sources */,
				EAC82A28269C535500A25E33 /* MainScreenVC.swift in Sources */,
				EAC82A36269C546100A25E33 /* MessageScreenVC.swift in Sources */,
				EAC82A2E269C53FE00A25E33 /* ProfileScreenVC.swift in Sources */,
				EA40DA92268D2BC3001673A7 /* AppDelegate.swift in Sources */,
				EA40DA94268D2BC3001673A7 /* SceneDelegate.swift in Sources */,
				EAC82A34269C544E00A25E33 /* GameInfoScreenVC.swift in Sources */,
				EAC82A3E269C596700A25E33 /* Game.swift in Sources */,
				EA8D31ED269A5E0F009FE43D /* GameCell.swift in Sources */,
				EAC82A3C269C550C00A25E33 /* Baller.swift in Sources */,
				EA668463268DEB52002F439C /* Constants.swift in Sources */,
				EAC82A30269C541B00A25E33 /* CreateScreenVC.swift in Sources */,
			);
			runOnlyForDeploymentPostprocessing = 0;
		};
/* End PBXSourcesBuildPhase section */

/* Begin PBXVariantGroup section */
		EA40DA97268D2BC3001673A7 /* Main.storyboard */ = {
			isa = PBXVariantGroup;
			children = (
				EA40DA98268D2BC3001673A7 /* Base */,
			);
			name = Main.storyboard;
			sourceTree = "<group>";
		};
		EA40DA9C268D2BC5001673A7 /* LaunchScreen.storyboard */ = {
			isa = PBXVariantGroup;
			children = (
				EA40DA9D268D2BC5001673A7 /* Base */,
			);
			name = LaunchScreen.storyboard;
			sourceTree = "<group>";
		};
/* End PBXVariantGroup section */

/* Begin XCBuildConfiguration section */
		EA40DAA0268D2BC5001673A7 /* Debug */ = {
			isa = XCBuildConfiguration;
			buildSettings = {
				ALWAYS_SEARCH_USER_PATHS = NO;
				CLANG_ANALYZER_NONNULL = YES;
				CLANG_ANALYZER_NUMBER_OBJECT_CONVERSION = YES_AGGRESSIVE;
				CLANG_CXX_LANGUAGE_STANDARD = "gnu++14";
				CLANG_CXX_LIBRARY = "libc++";
				CLANG_ENABLE_MODULES = YES;
				CLANG_ENABLE_OBJC_ARC = YES;
				CLANG_ENABLE_OBJC_WEAK = YES;
				CLANG_WARN_BLOCK_CAPTURE_AUTORELEASING = YES;
				CLANG_WARN_BOOL_CONVERSION = YES;
				CLANG_WARN_COMMA = YES;
				CLANG_WARN_CONSTANT_CONVERSION = YES;
				CLANG_WARN_DEPRECATED_OBJC_IMPLEMENTATIONS = YES;
				CLANG_WARN_DIRECT_OBJC_ISA_USAGE = YES_ERROR;
				CLANG_WARN_DOCUMENTATION_COMMENTS = YES;
				CLANG_WARN_EMPTY_BODY = YES;
				CLANG_WARN_ENUM_CONVERSION = YES;
				CLANG_WARN_INFINITE_RECURSION = YES;
				CLANG_WARN_INT_CONVERSION = YES;
				CLANG_WARN_NON_LITERAL_NULL_CONVERSION = YES;
				CLANG_WARN_OBJC_IMPLICIT_RETAIN_SELF = YES;
				CLANG_WARN_OBJC_LITERAL_CONVERSION = YES;
				CLANG_WARN_OBJC_ROOT_CLASS = YES_ERROR;
				CLANG_WARN_QUOTED_INCLUDE_IN_FRAMEWORK_HEADER = YES;
				CLANG_WARN_RANGE_LOOP_ANALYSIS = YES;
				CLANG_WARN_STRICT_PROTOTYPES = YES;
				CLANG_WARN_SUSPICIOUS_MOVE = YES;
				CLANG_WARN_UNGUARDED_AVAILABILITY = YES_AGGRESSIVE;
				CLANG_WARN_UNREACHABLE_CODE = YES;
				CLANG_WARN__DUPLICATE_METHOD_MATCH = YES;
				COPY_PHASE_STRIP = NO;
				DEBUG_INFORMATION_FORMAT = dwarf;
				ENABLE_STRICT_OBJC_MSGSEND = YES;
				ENABLE_TESTABILITY = YES;
				GCC_C_LANGUAGE_STANDARD = gnu11;
				GCC_DYNAMIC_NO_PIC = NO;
				GCC_NO_COMMON_BLOCKS = YES;
				GCC_OPTIMIZATION_LEVEL = 0;
				GCC_PREPROCESSOR_DEFINITIONS = (
					"DEBUG=1",
					"$(inherited)",
				);
				GCC_WARN_64_TO_32_BIT_CONVERSION = YES;
				GCC_WARN_ABOUT_RETURN_TYPE = YES_ERROR;
				GCC_WARN_UNDECLARED_SELECTOR = YES;
				GCC_WARN_UNINITIALIZED_AUTOS = YES_AGGRESSIVE;
				GCC_WARN_UNUSED_FUNCTION = YES;
				GCC_WARN_UNUSED_VARIABLE = YES;
				IPHONEOS_DEPLOYMENT_TARGET = 14.5;
				MTL_ENABLE_DEBUG_INFO = INCLUDE_SOURCE;
				MTL_FAST_MATH = YES;
				ONLY_ACTIVE_ARCH = YES;
				SDKROOT = iphoneos;
				SWIFT_ACTIVE_COMPILATION_CONDITIONS = DEBUG;
				SWIFT_OPTIMIZATION_LEVEL = "-Onone";
			};
			name = Debug;
		};
		EA40DAA1268D2BC5001673A7 /* Release */ = {
			isa = XCBuildConfiguration;
			buildSettings = {
				ALWAYS_SEARCH_USER_PATHS = NO;
				CLANG_ANALYZER_NONNULL = YES;
				CLANG_ANALYZER_NUMBER_OBJECT_CONVERSION = YES_AGGRESSIVE;
				CLANG_CXX_LANGUAGE_STANDARD = "gnu++14";
				CLANG_CXX_LIBRARY = "libc++";
				CLANG_ENABLE_MODULES = YES;
				CLANG_ENABLE_OBJC_ARC = YES;
				CLANG_ENABLE_OBJC_WEAK = YES;
				CLANG_WARN_BLOCK_CAPTURE_AUTORELEASING = YES;
				CLANG_WARN_BOOL_CONVERSION = YES;
				CLANG_WARN_COMMA = YES;
				CLANG_WARN_CONSTANT_CONVERSION = YES;
				CLANG_WARN_DEPRECATED_OBJC_IMPLEMENTATIONS = YES;
				CLANG_WARN_DIRECT_OBJC_ISA_USAGE = YES_ERROR;
				CLANG_WARN_DOCUMENTATION_COMMENTS = YES;
				CLANG_WARN_EMPTY_BODY = YES;
				CLANG_WARN_ENUM_CONVERSION = YES;
				CLANG_WARN_INFINITE_RECURSION = YES;
				CLANG_WARN_INT_CONVERSION = YES;
				CLANG_WARN_NON_LITERAL_NULL_CONVERSION = YES;
				CLANG_WARN_OBJC_IMPLICIT_RETAIN_SELF = YES;
				CLANG_WARN_OBJC_LITERAL_CONVERSION = YES;
				CLANG_WARN_OBJC_ROOT_CLASS = YES_ERROR;
				CLANG_WARN_QUOTED_INCLUDE_IN_FRAMEWORK_HEADER = YES;
				CLANG_WARN_RANGE_LOOP_ANALYSIS = YES;
				CLANG_WARN_STRICT_PROTOTYPES = YES;
				CLANG_WARN_SUSPICIOUS_MOVE = YES;
				CLANG_WARN_UNGUARDED_AVAILABILITY = YES_AGGRESSIVE;
				CLANG_WARN_UNREACHABLE_CODE = YES;
				CLANG_WARN__DUPLICATE_METHOD_MATCH = YES;
				COPY_PHASE_STRIP = NO;
				DEBUG_INFORMATION_FORMAT = "dwarf-with-dsym";
				ENABLE_NS_ASSERTIONS = NO;
				ENABLE_STRICT_OBJC_MSGSEND = YES;
				GCC_C_LANGUAGE_STANDARD = gnu11;
				GCC_NO_COMMON_BLOCKS = YES;
				GCC_WARN_64_TO_32_BIT_CONVERSION = YES;
				GCC_WARN_ABOUT_RETURN_TYPE = YES_ERROR;
				GCC_WARN_UNDECLARED_SELECTOR = YES;
				GCC_WARN_UNINITIALIZED_AUTOS = YES_AGGRESSIVE;
				GCC_WARN_UNUSED_FUNCTION = YES;
				GCC_WARN_UNUSED_VARIABLE = YES;
				IPHONEOS_DEPLOYMENT_TARGET = 14.5;
				MTL_ENABLE_DEBUG_INFO = NO;
				MTL_FAST_MATH = YES;
				SDKROOT = iphoneos;
				SWIFT_COMPILATION_MODE = wholemodule;
				SWIFT_OPTIMIZATION_LEVEL = "-O";
				VALIDATE_PRODUCT = YES;
			};
			name = Release;
		};
		EA40DAA3268D2BC5001673A7 /* Debug */ = {
			isa = XCBuildConfiguration;
			buildSettings = {
				ASSETCATALOG_COMPILER_APPICON_NAME = AppIcon;
				ASSETCATALOG_COMPILER_GLOBAL_ACCENT_COLOR_NAME = AccentColor;
				CODE_SIGN_STYLE = Automatic;
				DEVELOPMENT_TEAM = AKMQKBW2QL;
				INFOPLIST_FILE = Baller/Info.plist;
				LD_RUNPATH_SEARCH_PATHS = (
					"$(inherited)",
					"@executable_path/Frameworks",
				);
				PRODUCT_BUNDLE_IDENTIFIER = com.kadiremre.Baller;
				PRODUCT_NAME = "$(TARGET_NAME)";
				SWIFT_VERSION = 5.0;
				TARGETED_DEVICE_FAMILY = "1,2";
			};
			name = Debug;
		};
		EA40DAA4268D2BC5001673A7 /* Release */ = {
			isa = XCBuildConfiguration;
			buildSettings = {
				ASSETCATALOG_COMPILER_APPICON_NAME = AppIcon;
				ASSETCATALOG_COMPILER_GLOBAL_ACCENT_COLOR_NAME = AccentColor;
				CODE_SIGN_STYLE = Automatic;
				DEVELOPMENT_TEAM = AKMQKBW2QL;
				INFOPLIST_FILE = Baller/Info.plist;
				LD_RUNPATH_SEARCH_PATHS = (
					"$(inherited)",
					"@executable_path/Frameworks",
				);
				PRODUCT_BUNDLE_IDENTIFIER = com.kadiremre.Baller;
				PRODUCT_NAME = "$(TARGET_NAME)";
				SWIFT_VERSION = 5.0;
				TARGETED_DEVICE_FAMILY = "1,2";
			};
			name = Release;
		};
/* End XCBuildConfiguration section */

/* Begin XCConfigurationList section */
		EA40DA89268D2BC3001673A7 /* Build configuration list for PBXProject "Baller" */ = {
			isa = XCConfigurationList;
			buildConfigurations = (
				EA40DAA0268D2BC5001673A7 /* Debug */,
				EA40DAA1268D2BC5001673A7 /* Release */,
			);
			defaultConfigurationIsVisible = 0;
			defaultConfigurationName = Release;
		};
		EA40DAA2268D2BC5001673A7 /* Build configuration list for PBXNativeTarget "Baller" */ = {
			isa = XCConfigurationList;
			buildConfigurations = (
				EA40DAA3268D2BC5001673A7 /* Debug */,
				EA40DAA4268D2BC5001673A7 /* Release */,
			);
			defaultConfigurationIsVisible = 0;
			defaultConfigurationName = Release;
		};
/* End XCConfigurationList section */
	};
	rootObject = EA40DA86268D2BC3001673A7 /* Project object */;
}
